# THIS IS AN AUTOGENERATED FILE. DO NOT EDIT THIS FILE DIRECTLY.
# yarn lockfile v1


"@next/env@12.1.0":
  version "12.1.0"
  resolved "https://registry.yarnpkg.com/@next/env/-/env-12.1.0.tgz#73713399399b34aa5a01771fb73272b55b22c314"
  integrity sha512-nrIgY6t17FQ9xxwH3jj0a6EOiQ/WDHUos35Hghtr+SWN/ntHIQ7UpuvSi0vaLzZVHQWaDupKI+liO5vANcDeTQ==

"@next/swc-android-arm64@12.1.0":
  version "12.1.0"
  resolved "https://registry.yarnpkg.com/@next/swc-android-arm64/-/swc-android-arm64-12.1.0.tgz#865ba3a9afc204ff2bdeea49dd64d58705007a39"
  integrity sha512-/280MLdZe0W03stA69iL+v6I+J1ascrQ6FrXBlXGCsGzrfMaGr7fskMa0T5AhQIVQD4nA/46QQWxG//DYuFBcA==

"@next/swc-darwin-arm64@12.1.0":
  version "12.1.0"
  resolved "https://registry.yarnpkg.com/@next/swc-darwin-arm64/-/swc-darwin-arm64-12.1.0.tgz#08e8b411b8accd095009ed12efbc2f1d4d547135"
  integrity sha512-R8vcXE2/iONJ1Unf5Ptqjk6LRW3bggH+8drNkkzH4FLEQkHtELhvcmJwkXcuipyQCsIakldAXhRbZmm3YN1vXg==

"@next/swc-darwin-x64@12.1.0":
  version "12.1.0"
  resolved "https://registry.yarnpkg.com/@next/swc-darwin-x64/-/swc-darwin-x64-12.1.0.tgz#fcd684497a76e8feaca88db3c394480ff0b007cd"
  integrity sha512-ieAz0/J0PhmbZBB8+EA/JGdhRHBogF8BWaeqR7hwveb6SYEIJaDNQy0I+ZN8gF8hLj63bEDxJAs/cEhdnTq+ug==

"@next/swc-linux-arm-gnueabihf@12.1.0":
  version "12.1.0"
  resolved "https://registry.yarnpkg.com/@next/swc-linux-arm-gnueabihf/-/swc-linux-arm-gnueabihf-12.1.0.tgz#9ec6380a27938a5799aaa6035c205b3c478468a7"
  integrity sha512-njUd9hpl6o6A5d08dC0cKAgXKCzm5fFtgGe6i0eko8IAdtAPbtHxtpre3VeSxdZvuGFh+hb0REySQP9T1ttkog==

"@next/swc-linux-arm64-gnu@12.1.0":
  version "12.1.0"
  resolved "https://registry.yarnpkg.com/@next/swc-linux-arm64-gnu/-/swc-linux-arm64-gnu-12.1.0.tgz#7f4196dff1049cea479607c75b81033ae2dbd093"
  integrity sha512-OqangJLkRxVxMhDtcb7Qn1xjzFA3s50EIxY7mljbSCLybU+sByPaWAHY4px97ieOlr2y4S0xdPKkQ3BCAwyo6Q==

"@next/swc-linux-arm64-musl@12.1.0":
  version "12.1.0"
  resolved "https://registry.yarnpkg.com/@next/swc-linux-arm64-musl/-/swc-linux-arm64-musl-12.1.0.tgz#b445f767569cdc2dddee785ca495e1a88c025566"
  integrity sha512-hB8cLSt4GdmOpcwRe2UzI5UWn6HHO/vLkr5OTuNvCJ5xGDwpPXelVkYW/0+C3g5axbDW2Tym4S+MQCkkH9QfWA==

"@next/swc-linux-x64-gnu@12.1.0":
  version "12.1.0"
  resolved "https://registry.yarnpkg.com/@next/swc-linux-x64-gnu/-/swc-linux-x64-gnu-12.1.0.tgz#67610e9be4fbc987de7535f1bcb17e45fe12f90e"
  integrity sha512-OKO4R/digvrVuweSw/uBM4nSdyzsBV5EwkUeeG4KVpkIZEe64ZwRpnFB65bC6hGwxIBnTv5NMSnJ+0K/WmG78A==

"@next/swc-linux-x64-musl@12.1.0":
  version "12.1.0"
  resolved "https://registry.yarnpkg.com/@next/swc-linux-x64-musl/-/swc-linux-x64-musl-12.1.0.tgz#ea19a23db08a9f2e34ac30401f774cf7d1669d31"
  integrity sha512-JohhgAHZvOD3rQY7tlp7NlmvtvYHBYgY0x5ZCecUT6eCCcl9lv6iV3nfu82ErkxNk1H893fqH0FUpznZ/H3pSw==

"@next/swc-win32-arm64-msvc@12.1.0":
  version "12.1.0"
  resolved "https://registry.yarnpkg.com/@next/swc-win32-arm64-msvc/-/swc-win32-arm64-msvc-12.1.0.tgz#eadf054fc412085659b98e145435bbba200b5283"
  integrity sha512-T/3gIE6QEfKIJ4dmJk75v9hhNiYZhQYAoYm4iVo1TgcsuaKLFa+zMPh4056AHiG6n9tn2UQ1CFE8EoybEsqsSw==

"@next/swc-win32-ia32-msvc@12.1.0":
  version "12.1.0"
  resolved "https://registry.yarnpkg.com/@next/swc-win32-ia32-msvc/-/swc-win32-ia32-msvc-12.1.0.tgz#68faeae10c89f698bf9d28759172b74c9c21bda1"
  integrity sha512-iwnKgHJdqhIW19H9PRPM9j55V6RdcOo6rX+5imx832BCWzkDbyomWnlzBfr6ByUYfhohb8QuH4hSGEikpPqI0Q==

"@next/swc-win32-x64-msvc@12.1.0":
  version "12.1.0"
  resolved "https://registry.yarnpkg.com/@next/swc-win32-x64-msvc/-/swc-win32-x64-msvc-12.1.0.tgz#d27e7e76c87a460a4da99c5bfdb1618dcd6cd064"
  integrity sha512-aBvcbMwuanDH4EMrL2TthNJy+4nP59Bimn8egqv6GHMVj0a44cU6Au4PjOhLNqEh9l+IpRGBqMTzec94UdC5xg==

boolbase@^1.0.0:
  version "1.0.0"
  resolved "https://registry.yarnpkg.com/boolbase/-/boolbase-1.0.0.tgz#68dff5fbe60c51eb37725ea9e3ed310dcc1e776e"
  integrity sha1-aN/1++YMUes3cl6p4+0xDcwed24=

caniuse-lite@^1.0.30001283:
  version "1.0.30001312"
  resolved "https://registry.yarnpkg.com/caniuse-lite/-/caniuse-lite-1.0.30001312.tgz#e11eba4b87e24d22697dae05455d5aea28550d5f"
  integrity sha512-Wiz1Psk2MEK0pX3rUzWaunLTZzqS2JYZFzNKqAiJGiuxIjRPLgV6+VDPOg6lQOUxmDwhTlh198JsTTi8Hzw6aQ==

cheerio-select@^1.5.0:
  version "1.5.0"
  resolved "https://registry.yarnpkg.com/cheerio-select/-/cheerio-select-1.5.0.tgz#faf3daeb31b17c5e1a9dabcee288aaf8aafa5823"
  integrity sha512-qocaHPv5ypefh6YNxvnbABM07KMxExbtbfuJoIie3iZXX1ERwYmJcIiRrr9H05ucQP1k28dav8rpdDgjQd8drg==
  dependencies:
    css-select "^4.1.3"
    css-what "^5.0.1"
    domelementtype "^2.2.0"
    domhandler "^4.2.0"
    domutils "^2.7.0"

cheerio@^1.0.0-rc.10:
  version "1.0.0-rc.10"
  resolved "https://registry.yarnpkg.com/cheerio/-/cheerio-1.0.0-rc.10.tgz#2ba3dcdfcc26e7956fc1f440e61d51c643379f3e"
  integrity sha512-g0J0q/O6mW8z5zxQ3A8E8J1hUgp4SMOvEoW/x84OwyHKe/Zccz83PVT4y5Crcr530FV6NgmKI1qvGTKVl9XXVw==
  dependencies:
    cheerio-select "^1.5.0"
    dom-serializer "^1.3.2"
    domhandler "^4.2.0"
    htmlparser2 "^6.1.0"
    parse5 "^6.0.1"
    parse5-htmlparser2-tree-adapter "^6.0.1"
    tslib "^2.2.0"

cluster-key-slot@^1.1.0:
  version "1.1.0"
  resolved "https://registry.yarnpkg.com/cluster-key-slot/-/cluster-key-slot-1.1.0.tgz#30474b2a981fb12172695833052bc0d01336d10d"
  integrity sha512-2Nii8p3RwAPiFwsnZvukotvow2rIHM+yQ6ZcBXGHdniadkYGZYiGmkHJIbZPIV9nfv7m/U1IPMVVcAhoWFeklw==

css-select@^4.1.3:
  version "4.2.1"
  resolved "https://registry.yarnpkg.com/css-select/-/css-select-4.2.1.tgz#9e665d6ae4c7f9d65dbe69d0316e3221fb274cdd"
  integrity sha512-/aUslKhzkTNCQUB2qTX84lVmfia9NyjP3WpDGtj/WxhwBzWBYUV3DgUpurHTme8UTPcPlAD1DJ+b0nN/t50zDQ==
  dependencies:
    boolbase "^1.0.0"
    css-what "^5.1.0"
    domhandler "^4.3.0"
    domutils "^2.8.0"
    nth-check "^2.0.1"

css-what@^5.0.1, css-what@^5.1.0:
  version "5.1.0"
  resolved "https://registry.yarnpkg.com/css-what/-/css-what-5.1.0.tgz#3f7b707aadf633baf62c2ceb8579b545bb40f7fe"
  integrity sha512-arSMRWIIFY0hV8pIxZMEfmMI47Wj3R/aWpZDDxWYCPEiOMv6tfOrnpDtgxBYPEQD4V0Y/958+1TdC3iWTFcUPw==

date-fns@^2.16.1:
  version "2.28.0"
  resolved "https://registry.yarnpkg.com/date-fns/-/date-fns-2.28.0.tgz#9570d656f5fc13143e50c975a3b6bbeb46cd08b2"
  integrity sha512-8d35hViGYx/QH0icHYCeLmsLmMUheMmTyV9Fcm6gvNwdw31yXXH+O85sOBJ+OLnLQMKZowvpKb6FgMIQjcpvQw==

debug@^4.3.1:
  version "4.3.3"
  resolved "https://registry.yarnpkg.com/debug/-/debug-4.3.3.tgz#04266e0b70a98d4462e6e288e38259213332b664"
  integrity sha512-/zxw5+vh1Tfv+4Qn7a5nsbcJKPaSvCDhojn6FEl9vupwK2VCSDtEiEtqr8DFtzYFOdz63LBkxec7DYuc2jon6Q==
  dependencies:
    ms "2.1.2"

deepmerge@^4.2.2:
  version "4.2.2"
  resolved "https://registry.yarnpkg.com/deepmerge/-/deepmerge-4.2.2.tgz#44d2ea3679b8f4d4ffba33f03d865fc1e7bf4955"
  integrity sha512-FJ3UgI4gIl+PHZm53knsuSFpE+nESMr7M4v9QcgB7S63Kj/6WqMiFQJpBBYz1Pt+66bZpP3Q7Lye0Oo9MPKEdg==

denque@^1.1.0:
  version "1.5.1"
  resolved "https://registry.yarnpkg.com/denque/-/denque-1.5.1.tgz#07f670e29c9a78f8faecb2566a1e2c11929c5cbf"
  integrity sha512-XwE+iZ4D6ZUB7mfYRMb5wByE8L74HCn30FBN7sWnXksWc1LO1bPDl67pBR9o/kC4z/xSNAwkMYcGgqDV3BE3Hw==

dom-serializer@^1.0.1, dom-serializer@^1.3.2:
  version "1.3.2"
  resolved "https://registry.yarnpkg.com/dom-serializer/-/dom-serializer-1.3.2.tgz#6206437d32ceefaec7161803230c7a20bc1b4d91"
  integrity sha512-5c54Bk5Dw4qAxNOI1pFEizPSjVsx5+bpJKmL2kPn8JhBUq2q09tTCa3mjijun2NfK78NMouDYNMBkOrPZiS+ig==
  dependencies:
    domelementtype "^2.0.1"
    domhandler "^4.2.0"
    entities "^2.0.0"

domelementtype@^2.0.1, domelementtype@^2.2.0:
  version "2.2.0"
  resolved "https://registry.yarnpkg.com/domelementtype/-/domelementtype-2.2.0.tgz#9a0b6c2782ed6a1c7323d42267183df9bd8b1d57"
  integrity sha512-DtBMo82pv1dFtUmHyr48beiuq792Sxohr+8Hm9zoxklYPfa6n0Z3Byjj2IV7bmr2IyqClnqEQhfgHJJ5QF0R5A==

domhandler@^4.0.0, domhandler@^4.2.0, domhandler@^4.3.0:
  version "4.3.0"
  resolved "https://registry.yarnpkg.com/domhandler/-/domhandler-4.3.0.tgz#16c658c626cf966967e306f966b431f77d4a5626"
  integrity sha512-fC0aXNQXqKSFTr2wDNZDhsEYjCiYsDWl3D01kwt25hm1YIPyDGHvvi3rw+PLqHAl/m71MaiF7d5zvBr0p5UB2g==
  dependencies:
    domelementtype "^2.2.0"

domutils@^2.5.2, domutils@^2.7.0, domutils@^2.8.0:
  version "2.8.0"
  resolved "https://registry.yarnpkg.com/domutils/-/domutils-2.8.0.tgz#4437def5db6e2d1f5d6ee859bd95ca7d02048135"
  integrity sha512-w96Cjofp72M5IIhpjgobBimYEfoPjx1Vx0BSX9P30WBdZW2WIKU0T1Bd0kz2eNZ9ikjKgHbEyKx8BB6H1L3h3A==
  dependencies:
    dom-serializer "^1.0.1"
    domelementtype "^2.2.0"
    domhandler "^4.2.0"

entities@^2.0.0:
  version "2.2.0"
  resolved "https://registry.yarnpkg.com/entities/-/entities-2.2.0.tgz#098dc90ebb83d8dffa089d55256b351d34c4da55"
  integrity sha512-p92if5Nz619I0w+akJrLZH0MX0Pb5DX39XOwQTtXSdQQOaYH03S1uIQp4mhOZtAXrxq4ViO67YTiLBo2638o9A==

escape-string-regexp@^4.0.0:
  version "4.0.0"
  resolved "https://registry.yarnpkg.com/escape-string-regexp/-/escape-string-regexp-4.0.0.tgz#14ba83a5d373e3d311e5afca29cf5bfad965bf34"
  integrity sha512-TtpcNJ3XAzx3Gq8sWRzJaVajRs0uVxA2YAkdb1jm2YkPz4G6egUFAyA3n5vtEIZefPk5Wa4UXbKuS5fKkJWdgA==

htmlparser2@^6.0.0, htmlparser2@^6.1.0:
  version "6.1.0"
  resolved "https://registry.yarnpkg.com/htmlparser2/-/htmlparser2-6.1.0.tgz#c4d762b6c3371a05dbe65e94ae43a9f845fb8fb7"
  integrity sha512-gyyPk6rgonLFEDGoeRgQNaEUvdJ4ktTmmUh/h2t7s+M8oPpIPxgNACWa+6ESR57kXstwqPiCut0V8NRpcwgU7A==
  dependencies:
    domelementtype "^2.0.1"
    domhandler "^4.0.0"
    domutils "^2.5.2"
    entities "^2.0.0"

ioredis@^4.19.4:
  version "4.28.5"
  resolved "https://registry.yarnpkg.com/ioredis/-/ioredis-4.28.5.tgz#5c149e6a8d76a7f8fa8a504ffc85b7d5b6797f9f"
  integrity sha512-3GYo0GJtLqgNXj4YhrisLaNNvWSNwSS2wS4OELGfGxH8I69+XfNdnmV1AyN+ZqMh0i7eX+SWjrwFKDBDgfBC1A==
  dependencies:
    cluster-key-slot "^1.1.0"
    debug "^4.3.1"
    denque "^1.1.0"
    lodash.defaults "^4.2.0"
    lodash.flatten "^4.4.0"
    lodash.isarguments "^3.1.0"
    p-map "^2.1.0"
    redis-commands "1.7.0"
    redis-errors "^1.2.0"
    redis-parser "^3.0.0"
    standard-as-callback "^2.1.0"

is-plain-object@^5.0.0:
  version "5.0.0"
  resolved "https://registry.yarnpkg.com/is-plain-object/-/is-plain-object-5.0.0.tgz#4427f50ab3429e9025ea7d52e9043a9ef4159344"
  integrity sha512-VRSzKkbMm5jMDoKLbltAkFQ5Qr7VDiTFGXxYFXXowVj387GeGNOCsOH6Msy00SGZ3Fp84b1Naa1psqgcCIEP5Q==

"js-tokens@^3.0.0 || ^4.0.0":
  version "4.0.0"
  resolved "https://registry.yarnpkg.com/js-tokens/-/js-tokens-4.0.0.tgz#19203fb59991df98e3a287050d4647cdeaf32499"
  integrity sha512-RdJUflcE3cUzKiMqQgsCu06FPu9UdIJO0beYbPhHN4k6apgJtifcoCtT9bcxOpYBtpD2kCM6Sbzg4CausW/PKQ==

lodash.defaults@^4.2.0:
  version "4.2.0"
  resolved "https://registry.yarnpkg.com/lodash.defaults/-/lodash.defaults-4.2.0.tgz#d09178716ffea4dde9e5fb7b37f6f0802274580c"
  integrity sha1-0JF4cW/+pN3p5ft7N/bwgCJ0WAw=

lodash.flatten@^4.4.0:
  version "4.4.0"
  resolved "https://registry.yarnpkg.com/lodash.flatten/-/lodash.flatten-4.4.0.tgz#f31c22225a9632d2bbf8e4addbef240aa765a61f"
  integrity sha1-8xwiIlqWMtK7+OSt2+8kCqdlph8=

lodash.isarguments@^3.1.0:
  version "3.1.0"
  resolved "https://registry.yarnpkg.com/lodash.isarguments/-/lodash.isarguments-3.1.0.tgz#2f573d85c6a24289ff00663b491c1d338ff3458a"
  integrity sha1-L1c9hcaiQon/AGY7SRwdM4/zRYo=

loose-envify@^1.1.0:
  version "1.4.0"
  resolved "https://registry.yarnpkg.com/loose-envify/-/loose-envify-1.4.0.tgz#71ee51fa7be4caec1a63839f7e682d8132d30caf"
  integrity sha512-lyuxPGr/Wfhrlem2CL/UcnUc1zcqKAImBDzukY7Y5F/yQiNdko6+fRLevlw1HgMySw7f611UIY408EtxRSoK3Q==
  dependencies:
    js-tokens "^3.0.0 || ^4.0.0"

marked@^1.2.7:
  version "1.2.9"
  resolved "https://registry.yarnpkg.com/marked/-/marked-1.2.9.tgz#53786f8b05d4c01a2a5a76b7d1ec9943d29d72dc"
  integrity sha512-H8lIX2SvyitGX+TRdtS06m1jHMijKN/XjfH6Ooii9fvxMlh8QdqBfBDkGUpMWH2kQNrtixjzYUa3SH8ROTgRRw==

ms@2.1.2:
  version "2.1.2"
  resolved "https://registry.yarnpkg.com/ms/-/ms-2.1.2.tgz#d09d1f357b443f493382a8eb3ccd183872ae6009"
  integrity sha512-sGkPx+VjMtmA6MX27oA4FBFELFCZZ4S4XqeGOXCv68tT+jb3vk/RyaKWP0PTKyWtmLSM0b+adUTEvbs1PEaH2w==

nanoid@^3.1.30, nanoid@^3.2.0:
  version "3.3.0"
  resolved "https://registry.yarnpkg.com/nanoid/-/nanoid-3.3.0.tgz#5906f776fd886c66c24f3653e0c46fcb1d4ad6b0"
  integrity sha512-JzxqqT5u/x+/KOFSd7JP15DOo9nOoHpx6DYatqIHUW2+flybkm+mdcraotSQR5WcnZr+qhGVh8Ted0KdfSMxlg==

next@^12.1.0:
  version "12.1.0"
  resolved "https://registry.yarnpkg.com/next/-/next-12.1.0.tgz#c33d753b644be92fc58e06e5a214f143da61dd5d"
  integrity sha512-s885kWvnIlxsUFHq9UGyIyLiuD0G3BUC/xrH0CEnH5lHEWkwQcHOORgbDF0hbrW9vr/7am4ETfX4A7M6DjrE7Q==
  dependencies:
    "@next/env" "12.1.0"
    caniuse-lite "^1.0.30001283"
    postcss "8.4.5"
    styled-jsx "5.0.0"
    use-subscription "1.5.1"
  optionalDependencies:
    "@next/swc-android-arm64" "12.1.0"
    "@next/swc-darwin-arm64" "12.1.0"
    "@next/swc-darwin-x64" "12.1.0"
    "@next/swc-linux-arm-gnueabihf" "12.1.0"
    "@next/swc-linux-arm64-gnu" "12.1.0"
    "@next/swc-linux-arm64-musl" "12.1.0"
    "@next/swc-linux-x64-gnu" "12.1.0"
    "@next/swc-linux-x64-musl" "12.1.0"
    "@next/swc-win32-arm64-msvc" "12.1.0"
    "@next/swc-win32-ia32-msvc" "12.1.0"
    "@next/swc-win32-x64-msvc" "12.1.0"

nth-check@^2.0.1:
  version "2.0.1"
  resolved "https://registry.yarnpkg.com/nth-check/-/nth-check-2.0.1.tgz#2efe162f5c3da06a28959fbd3db75dbeea9f0fc2"
  integrity sha512-it1vE95zF6dTT9lBsYbxvqh0Soy4SPowchj0UBGj/V6cTPnXXtQOPUbhZ6CmGzAD/rW22LQK6E96pcdJXk4A4w==
  dependencies:
    boolbase "^1.0.0"

oauth@^0.9.15:
  version "0.9.15"
  resolved "https://registry.yarnpkg.com/oauth/-/oauth-0.9.15.tgz#bd1fefaf686c96b75475aed5196412ff60cfb9c1"
  integrity sha1-vR/vr2hslrdUda7VGWQS/2DPucE=

object-assign@^4.1.1:
  version "4.1.1"
  resolved "https://registry.yarnpkg.com/object-assign/-/object-assign-4.1.1.tgz#2109adc7965887cfc05cbbd442cac8bfbb360863"
  integrity sha1-IQmtx5ZYh8/AXLvUQsrIv7s2CGM=

p-map@^2.1.0:
  version "2.1.0"
  resolved "https://registry.yarnpkg.com/p-map/-/p-map-2.1.0.tgz#310928feef9c9ecc65b68b17693018a665cea175"
  integrity sha512-y3b8Kpd8OAN444hxfBbFfj1FY/RjtTd8tzYwhUqNYXx0fXx2iX4maP4Qr6qhIKbQXI02wTLAda4fYUbDagTUFw==

parse-srcset@^1.0.2:
  version "1.0.2"
  resolved "https://registry.yarnpkg.com/parse-srcset/-/parse-srcset-1.0.2.tgz#f2bd221f6cc970a938d88556abc589caaaa2bde1"
  integrity sha1-8r0iH2zJcKk42IVWq8WJyqqiveE=

parse5-htmlparser2-tree-adapter@^6.0.1:
  version "6.0.1"
  resolved "https://registry.yarnpkg.com/parse5-htmlparser2-tree-adapter/-/parse5-htmlparser2-tree-adapter-6.0.1.tgz#2cdf9ad823321140370d4dbf5d3e92c7c8ddc6e6"
  integrity sha512-qPuWvbLgvDGilKc5BoicRovlT4MtYT6JfJyBOMDsKoiT+GiuP5qyrPCnR9HcPECIJJmZh5jRndyNThnhhb/vlA==
  dependencies:
    parse5 "^6.0.1"

parse5@^6.0.1:
  version "6.0.1"
  resolved "https://registry.yarnpkg.com/parse5/-/parse5-6.0.1.tgz#e1a1c085c569b3dc08321184f19a39cc27f7c30b"
  integrity sha512-Ofn/CTFzRGTTxwpNEs9PP93gXShHcTq255nzRYSKe8AkVpZY7e1fpmTfOyoIvjP5HG7Z2ZM7VS9PPhQGW2pOpw==

picocolors@^1.0.0:
  version "1.0.0"
  resolved "https://registry.yarnpkg.com/picocolors/-/picocolors-1.0.0.tgz#cb5bdc74ff3f51892236eaf79d68bc44564ab81c"
  integrity sha512-1fygroTLlHu66zi26VoTDv8yRgm0Fccecssto+MhsZ0D/DGW2sm8E8AjW7NU5VVTRt5GxbeZ5qBuJr+HyLYkjQ==

postcss@8.4.5:
  version "8.4.5"
  resolved "https://registry.yarnpkg.com/postcss/-/postcss-8.4.5.tgz#bae665764dfd4c6fcc24dc0fdf7e7aa00cc77f95"
  integrity sha512-jBDboWM8qpaqwkMwItqTQTiFikhs/67OYVvblFFTM7MrZjt6yMKd6r2kgXizEbTTljacm4NldIlZnhbjr84QYg==
  dependencies:
    nanoid "^3.1.30"
    picocolors "^1.0.0"
    source-map-js "^1.0.1"

postcss@^8.3.11:
  version "8.4.6"
  resolved "https://registry.yarnpkg.com/postcss/-/postcss-8.4.6.tgz#c5ff3c3c457a23864f32cb45ac9b741498a09ae1"
  integrity sha512-OovjwIzs9Te46vlEx7+uXB0PLijpwjXGKXjVGGPIGubGpq7uh5Xgf6D6FiJ/SzJMBosHDp6a2hiXOS97iBXcaA==
  dependencies:
    nanoid "^3.2.0"
    picocolors "^1.0.0"
    source-map-js "^1.0.2"

prettier@2.2.1:
  version "2.2.1"
  resolved "https://registry.yarnpkg.com/prettier/-/prettier-2.2.1.tgz#795a1a78dd52f073da0cd42b21f9c91381923ff5"
  integrity sha512-PqyhM2yCjg/oKkFPtTGUojv7gnZAoG80ttl45O6x2Ug/rMJw4wcc9k6aaf2hibP7BGVCCM33gZoGjyvt9mm16Q==

react-dom@^18.0.0-rc.0:
  version "18.0.0-rc.0-next-fe905f152-20220107"
  resolved "https://registry.yarnpkg.com/react-dom/-/react-dom-18.0.0-rc.0-next-fe905f152-20220107.tgz#22714f7c6e006e4728f87972df2774818022dcaa"
  integrity sha512-tl+6q+8h9Vj7r4iI1jYQfLp4oHLC+f7tenqlYBw9eOyJ/SXJXzZ0Mp7QG1LYkK+oapO3vlj5I7ddnbnf8bcDJQ==
  dependencies:
    loose-envify "^1.1.0"
    object-assign "^4.1.1"
    scheduler "0.21.0-rc.0-next-fe905f152-20220107"

react@^18.0.0-rc.0:
  version "18.0.0-rc.0-next-fe905f152-20220107"
  resolved "https://registry.yarnpkg.com/react/-/react-18.0.0-rc.0-next-fe905f152-20220107.tgz#0dbc93be2b5ff5df4a353c74bbabfc97e47d8098"
  integrity sha512-eePjzo6pCiwk9iDRYG0Hn5F0p9e7dlLGIys/eeLUCxByHP90rsXg/H/842S6ggBgarcfvRtDu8cAU7kxfLC4MA==
  dependencies:
    loose-envify "^1.1.0"
    object-assign "^4.1.1"

redis-commands@1.7.0:
  version "1.7.0"
  resolved "https://registry.yarnpkg.com/redis-commands/-/redis-commands-1.7.0.tgz#15a6fea2d58281e27b1cd1acfb4b293e278c3a89"
  integrity sha512-nJWqw3bTFy21hX/CPKHth6sfhZbdiHP6bTawSgQBlKOVRG7EZkfHbbHwQJnrE4vsQf0CMNE+3gJ4Fmm16vdVlQ==

redis-errors@^1.0.0, redis-errors@^1.2.0:
  version "1.2.0"
  resolved "https://registry.yarnpkg.com/redis-errors/-/redis-errors-1.2.0.tgz#eb62d2adb15e4eaf4610c04afe1529384250abad"
  integrity sha1-62LSrbFeTq9GEMBK/hUpOEJQq60=

redis-parser@^3.0.0:
  version "3.0.0"
  resolved "https://registry.yarnpkg.com/redis-parser/-/redis-parser-3.0.0.tgz#b66d828cdcafe6b4b8a428a7def4c6bcac31c8b4"
  integrity sha1-tm2CjNyv5rS4pCin3vTGvKwxyLQ=
  dependencies:
    redis-errors "^1.0.0"

sanitize-html@^2.3.0:
  version "2.7.0"
  resolved "https://registry.yarnpkg.com/sanitize-html/-/sanitize-html-2.7.0.tgz#e106205b468aca932e2f9baf241f24660d34e279"
  integrity sha512-jfQelabOn5voO7FAfnQF7v+jsA6z9zC/O4ec0z3E35XPEtHYJT/OdUziVWlKW4irCr2kXaQAyXTXDHWAibg1tA==
  dependencies:
    deepmerge "^4.2.2"
    escape-string-regexp "^4.0.0"
    htmlparser2 "^6.0.0"
    is-plain-object "^5.0.0"
    parse-srcset "^1.0.2"
    postcss "^8.3.11"

scheduler@0.21.0-rc.0-next-fe905f152-20220107:
  version "0.21.0-rc.0-next-fe905f152-20220107"
  resolved "https://registry.yarnpkg.com/scheduler/-/scheduler-0.21.0-rc.0-next-fe905f152-20220107.tgz#410f6df2f39d5543b00f98fbad7de6c9b374df89"
  integrity sha512-+sY0WajWdMjoxbmHM8P6P1FKGw8sSVKKG/HthqTFQFPxVGbKLmV1BiFPaVF9gOyQWqmnLYSXJMN+4Bs5ZygsTw==
  dependencies:
    loose-envify "^1.1.0"
    object-assign "^4.1.1"

source-map-js@^1.0.1, source-map-js@^1.0.2:
  version "1.0.2"
  resolved "https://registry.yarnpkg.com/source-map-js/-/source-map-js-1.0.2.tgz#adbc361d9c62df380125e7f161f71c826f1e490c"
  integrity sha512-R0XvVJ9WusLiqTCEiGCmICCMplcCkIwwR11mOSD9CR5u+IXYdiseeEuXCVAjS54zqwkLcPNnmU4OeJ6tUrWhDw==

standard-as-callback@^2.1.0:
  version "2.1.0"
  resolved "https://registry.yarnpkg.com/standard-as-callback/-/standard-as-callback-2.1.0.tgz#8953fc05359868a77b5b9739a665c5977bb7df45"
  integrity sha512-qoRRSyROncaz1z0mvYqIE4lCd9p2R90i6GxW3uZv5ucSu8tU7B5HXUP1gG8pVZsYNVaXjk8ClXHPttLyxAL48A==

styled-jsx@5.0.0:
  version "5.0.0"
  resolved "https://registry.yarnpkg.com/styled-jsx/-/styled-jsx-5.0.0.tgz#816b4b92e07b1786c6b7111821750e0ba4d26e77"
  integrity sha512-qUqsWoBquEdERe10EW8vLp3jT25s/ssG1/qX5gZ4wu15OZpmSMFI2v+fWlRhLfykA5rFtlJ1ME8A8pm/peV4WA==

tslib@^2.2.0:
  version "2.3.1"
  resolved "https://registry.yarnpkg.com/tslib/-/tslib-2.3.1.tgz#e8a335add5ceae51aa261d32a490158ef042ef01"
  integrity sha512-77EbyPPpMz+FRFRuAFlWMtmgUWGe9UOG2Z25NqCwiIjRhOf5iKGuzSe5P2w1laq+FkRy4p+PCuVkJSGkzTEKVw==

use-subscription@1.5.1:
  version "1.5.1"
  resolved "https://registry.yarnpkg.com/use-subscription/-/use-subscription-1.5.1.tgz#73501107f02fad84c6dd57965beb0b75c68c42d1"
  integrity sha512-Xv2a1P/yReAjAbhylMfFplFKj9GssgTwN7RlcTxBujFQcloStWNDQdc4g4NRWH9xS4i/FDk04vQBptAXoF3VcA==
  dependencies:
    object-assign "^4.1.1"
